// !$*UTF8*$!
{
	archiveVersion = 1;
	classes = {
	};
	objectVersion = 46;
	objects = {

/* Begin PBXBuildFile section */
		6278B4AB1DCE1F4C00971DEC /* main.m in Sources */ = {isa = PBXBuildFile; fileRef = 6278B4AA1DCE1F4C00971DEC /* main.m */; };
		6278B4AE1DCE1F4C00971DEC /* AppDelegate.m in Sources */ = {isa = PBXBuildFile; fileRef = 6278B4AD1DCE1F4C00971DEC /* AppDelegate.m */; };
		6278B4B11DCE1F4C00971DEC /* ViewController.m in Sources */ = {isa = PBXBuildFile; fileRef = 6278B4B01DCE1F4C00971DEC /* ViewController.m */; };
		6278B4B41DCE1F4C00971DEC /* Main.storyboard in Resources */ = {isa = PBXBuildFile; fileRef = 6278B4B21DCE1F4C00971DEC /* Main.storyboard */; };
		6278B4B61DCE1F4C00971DEC /* Assets.xcassets in Resources */ = {isa = PBXBuildFile; fileRef = 6278B4B51DCE1F4C00971DEC /* Assets.xcassets */; };
		6278B4B91DCE1F4C00971DEC /* LaunchScreen.storyboard in Resources */ = {isa = PBXBuildFile; fileRef = 6278B4B71DCE1F4C00971DEC /* LaunchScreen.storyboard */; };
		6278B4C21DCE1FBB00971DEC /* InputViewController.m in Sources */ = {isa = PBXBuildFile; fileRef = 6278B4C11DCE1FBB00971DEC /* InputViewController.m */; };
		6278B4C51DCE1FE200971DEC /* CounterViewController.m in Sources */ = {isa = PBXBuildFile; fileRef = 6278B4C41DCE1FE200971DEC /* CounterViewController.m */; };
/* End PBXBuildFile section */

/* Begin PBXFileReference section */
		6278B4A61DCE1F4C00971DEC /* Quiz2.app */ = {isa = PBXFileReference; explicitFileType = wrapper.application; includeInIndex = 0; path = Quiz2.app; sourceTree = BUILT_PRODUCTS_DIR; };
		6278B4AA1DCE1F4C00971DEC /* main.m */ = {isa = PBXFileReference; lastKnownFileType = sourcecode.c.objc; path = main.m; sourceTree = "<group>"; };
		6278B4AC1DCE1F4C00971DEC /* AppDelegate.h */ = {isa = PBXFileReference; lastKnownFileType = sourcecode.c.h; path = AppDelegate.h; sourceTree = "<group>"; };
		6278B4AD1DCE1F4C00971DEC /* AppDelegate.m */ = {isa = PBXFileReference; lastKnownFileType = sourcecode.c.objc; path = AppDelegate.m; sourceTree = "<group>"; };
		6278B4AF1DCE1F4C00971DEC /* ViewController.h */ = {isa = PBXFileReference; lastKnownFileType = sourcecode.c.h; path = ViewController.h; sourceTree = "<group>"; };
		6278B4B01DCE1F4C00971DEC /* ViewController.m */ = {isa = PBXFileReference; lastKnownFileType = sourcecode.c.objc; path = ViewController.m; sourceTree = "<group>"; };
		6278B4B31DCE1F4C00971DEC /* Base */ = {isa = PBXFileReference; lastKnownFileType = file.storyboard; name = Base; path = Base.lproj/Main.storyboard; sourceTree = "<group>"; };
		6278B4B51DCE1F4C00971DEC /* Assets.xcassets */ = {isa = PBXFileReference; lastKnownFileType = folder.assetcatalog; path = Assets.xcassets; sourceTree = "<group>"; };
		6278B4B81DCE1F4C00971DEC /* Base */ = {isa = PBXFileReference; lastKnownFileType = file.storyboard; name = Base; path = Base.lproj/LaunchScreen.storyboard; sourceTree = "<group>"; };
		6278B4BA1DCE1F4C00971DEC /* Info.plist */ = {isa = PBXFileReference; lastKnownFileType = text.plist.xml; path = Info.plist; sourceTree = "<group>"; };
		6278B4C01DCE1FBB00971DEC /* InputViewController.h */ = {isa = PBXFileReference; fileEncoding = 4; lastKnownFileType = sourcecode.c.h; path = InputViewController.h; sourceTree = "<group>"; };
		6278B4C11DCE1FBB00971DEC /* InputViewController.m */ = {isa = PBXFileReference; fileEncoding = 4; lastKnownFileType = sourcecode.c.objc; path = InputViewController.m; sourceTree = "<group>"; };
		6278B4C31DCE1FE200971DEC /* CounterViewController.h */ = {isa = PBXFileReference; fileEncoding = 4; lastKnownFileType = sourcecode.c.h; path = CounterViewController.h; sourceTree = "<group>"; };
		6278B4C41DCE1FE200971DEC /* CounterViewController.m */ = {isa = PBXFileReference; fileEncoding = 4; lastKnownFileType = sourcecode.c.objc; path = CounterViewController.m; sourceTree = "<group>"; };
/* End PBXFileReference section */

/* Begin PBXFrameworksBuildPhase section */
		6278B4A31DCE1F4C00971DEC /* Frameworks */ = {
			isa = PBXFrameworksBuildPhase;
			buildActionMask = 2147483647;
			files = (
			);
			runOnlyForDeploymentPostprocessing = 0;
		};
/* End PBXFrameworksBuildPhase section */

/* Begin PBXGroup section */
		6278B49D1DCE1F4C00971DEC = {
			isa = PBXGroup;
			children = (
				6278B4A81DCE1F4C00971DEC /* Quiz2 */,
				6278B4A71DCE1F4C00971DEC /* Products */,
			);
			sourceTree = "<group>";
		};
		6278B4A71DCE1F4C00971DEC /* Products */ = {
			isa = PBXGroup;
			children = (
				6278B4A61DCE1F4C00971DEC /* Quiz2.app */,
			);
			name = Products;
			sourceTree = "<group>";
		};
		6278B4A81DCE1F4C00971DEC /* Quiz2 */ = {
			isa = PBXGroup;
			children = (
				6278B4AC1DCE1F4C00971DEC /* AppDelegate.h */,
				6278B4AD1DCE1F4C00971DEC /* AppDelegate.m */,
				6278B4AF1DCE1F4C00971DEC /* ViewController.h */,
				6278B4B01DCE1F4C00971DEC /* ViewController.m */,
				6278B4B21DCE1F4C00971DEC /* Main.storyboard */,
				6278B4C31DCE1FE200971DEC /* CounterViewController.h */,
				6278B4C41DCE1FE200971DEC /* CounterViewController.m */,
				6278B4C01DCE1FBB00971DEC /* InputViewController.h */,
				6278B4C11DCE1FBB00971DEC /* InputViewController.m */,
				6278B4B51DCE1F4C00971DEC /* Assets.xcassets */,
				6278B4B71DCE1F4C00971DEC /* LaunchScreen.storyboard */,
				6278B4BA1DCE1F4C00971DEC /* Info.plist */,
				6278B4A91DCE1F4C00971DEC /* Supporting Files */,
			);
			path = Quiz2;
			sourceTree = "<group>";
		};
		6278B4A91DCE1F4C00971DEC /* Supporting Files */ = {
			isa = PBXGroup;
			children = (
				6278B4AA1DCE1F4C00971DEC /* main.m */,
			);
			name = "Supporting Files";
			sourceTree = "<group>";
		};
/* End PBXGroup section */

/* Begin PBXNativeTarget section */
		6278B4A51DCE1F4C00971DEC /* Quiz2 */ = {
			isa = PBXNativeTarget;
			buildConfigurationList = 6278B4BD1DCE1F4C00971DEC /* Build configuration list for PBXNativeTarget "Quiz2" */;
			buildPhases = (
				6278B4A21DCE1F4C00971DEC /* Sources */,
				6278B4A31DCE1F4C00971DEC /* Frameworks */,
				6278B4A41DCE1F4C00971DEC /* Resources */,
			);
			buildRules = (
			);
			dependencies = (
			);
			name = Quiz2;
			productName = Quiz2;
			productReference = 6278B4A61DCE1F4C00971DEC /* Quiz2.app */;
			productType = "com.apple.product-type.application";
		};
/* End PBXNativeTarget section */

/* Begin PBXProject section */
		6278B49E1DCE1F4C00971DEC /* Project object */ = {
			isa = PBXProject;
			attributes = {
				LastUpgradeCheck = 0810;
				ORGANIZATIONNAME = gv;
				TargetAttributes = {
					6278B4A51DCE1F4C00971DEC = {
						CreatedOnToolsVersion = 8.1;
						ProvisioningStyle = Automatic;
					};
				};
			};
			buildConfigurationList = 6278B4A11DCE1F4C00971DEC /* Build configuration list for PBXProject "Quiz2" */;
			compatibilityVersion = "Xcode 3.2";
			developmentRegion = English;
			hasScannedForEncodings = 0;
			knownRegions = (
				en,
				Base,
			);
			mainGroup = 6278B49D1DCE1F4C00971DEC;
			productRefGroup = 6278B4A71DCE1F4C00971DEC /* Products */;
			projectDirPath = "";
			projectRoot = "";
			targets = (
				6278B4A51DCE1F4C00971DEC /* Quiz2 */,
			);
		};
/* End PBXProject section */

/* Begin PBXResourcesBuildPhase section */
		6278B4A41DCE1F4C00971DEC /* Resources */ = {
			isa = PBXResourcesBuildPhase;
			buildActionMask = 2147483647;
			files = (
				6278B4B91DCE1F4C00971DEC /* LaunchScreen.storyboard in Resources */,
				6278B4B61DCE1F4C00971DEC /* Assets.xcassets in Resources */,
				6278B4B41DCE1F4C00971DEC /* Main.storyboard in Resources */,
			);
			runOnlyForDeploymentPostprocessing = 0;
		};
/* End PBXResourcesBuildPhase section */

/* Begin PBXSourcesBuildPhase section */
		6278B4A21DCE1F4C00971DEC /* Sources */ = {
			isa = PBXSourcesBuildPhase;
			buildActionMask = 2147483647;
			files = (
				6278B4B11DCE1F4C00971DEC /* ViewController.m in Sources */,
				6278B4AE1DCE1F4C00971DEC /* AppDelegate.m in Sources */,
				6278B4AB1DCE1F4C00971DEC /* main.m in Sources */,
				6278B4C21DCE1FBB00971DEC /* InputViewController.m in Sources */,
				6278B4C51DCE1FE200971DEC /* CounterViewController.m in Sources */,
			);
			runOnlyForDeploymentPostprocessing = 0;
		};
/* End PBXSourcesBuildPhase section */

/* Begin PBXVariantGroup section */
		6278B4B21DCE1F4C00971DEC /* Main.storyboard */ = {
			isa = PBXVariantGroup;
			children = (
				6278B4B31DCE1F4C00971DEC /* Base */,
			);
			name = Main.storyboard;
			sourceTree = "<group>";
		};
		6278B4B71DCE1F4C00971DEC /* LaunchScreen.storyboard */ = {
			isa = PBXVariantGroup;
			children = (
				6278B4B81DCE1F4C00971DEC /* Base */,
			);
			name = LaunchScreen.storyboard;
			sourceTree = "<group>";
		};
/* End PBXVariantGroup section */

/* Begin XCBuildConfiguration section */
		6278B4BB1DCE1F4C00971DEC /* Debug */ = {
			isa = XCBuildConfiguration;
			buildSettings = {
				ALWAYS_SEARCH_USER_PATHS = NO;
				CLANG_ANALYZER_NONNULL = YES;
				CLANG_CXX_LANGUAGE_STANDARD = "gnu++0x";
				CLANG_CXX_LIBRARY = "libc++";
				CLANG_ENABLE_MODULES = YES;
				CLANG_ENABLE_OBJC_ARC = YES;
				CLANG_WARN_BOOL_CONVERSION = YES;
				CLANG_WARN_CONSTANT_CONVERSION = YES;
				CLANG_WARN_DIRECT_OBJC_ISA_USAGE = YES_ERROR;
				CLANG_WARN_DOCUMENTATION_COMMENTS = YES;
				CLANG_WARN_EMPTY_BODY = YES;
				CLANG_WARN_ENUM_CONVERSION = YES;
				CLANG_WARN_INFINITE_RECURSION = YES;
				CLANG_WARN_INT_CONVERSION = YES;
				CLANG_WARN_OBJC_ROOT_CLASS = YES_ERROR;
				CLANG_WARN_SUSPICIOUS_MOVES = YES;
				CLANG_WARN_UNREACHABLE_CODE = YES;
				CLANG_WARN__DUPLICATE_METHOD_MATCH = YES;
				"CODE_SIGN_IDENTITY[sdk=iphoneos*]" = "iPhone Developer";
				COPY_PHASE_STRIP = NO;
				DEBUG_INFORMATION_FORMAT = dwarf;
				ENABLE_STRICT_OBJC_MSGSEND = YES;
				ENABLE_TESTABILITY = YES;
				GCC_C_LANGUAGE_STANDARD = gnu99;
				GCC_DYNAMIC_NO_PIC = NO;
				GCC_NO_COMMON_BLOCKS = YES;
				GCC_OPTIMIZATION_LEVEL = 0;
				GCC_PREPROCESSOR_DEFINITIONS = (
					"DEBUG=1",
					"$(inherited)",
				);
				GCC_WARN_64_TO_32_BIT_CONVERSION = YES;
				GCC_WARN_ABOUT_RETURN_TYPE = YES_ERROR;
				GCC_WARN_UNDECLARED_SELECTOR = YES;
				GCC_WARN_UNINITIALIZED_AUTOS = YES_AGGRESSIVE;
				GCC_WARN_UNUSED_FUNCTION = YES;
				GCC_WARN_UNUSED_VARIABLE = YES;
				IPHONEOS_DEPLOYMENT_TARGET = 10.1;
				MTL_ENABLE_DEBUG_INFO = YES;
				ONLY_ACTIVE_ARCH = YES;
				SDKROOT = iphoneos;
			};
			name = Debug;
		};
		6278B4BC1DCE1F4C00971DEC /* Release */ = {
			isa = XCBuildConfiguration;
			buildSettings = {
				ALWAYS_SEARCH_USER_PATHS = NO;
				CLANG_ANALYZER_NONNULL = YES;
				CLANG_CXX_LANGUAGE_STANDARD = "gnu++0x";
				CLANG_CXX_LIBRARY = "libc++";
				CLANG_ENABLE_MODULES = YES;
				CLANG_ENABLE_OBJC_ARC = YES;
				CLANG_WARN_BOOL_CONVERSION = YES;
				CLANG_WARN_CONSTANT_CONVERSION = YES;
				CLANG_WARN_DIRECT_OBJC_ISA_USAGE = YES_ERROR;
				CLANG_WARN_DOCUMENTATION_COMMENTS = YES;
				CLANG_WARN_EMPTY_BODY = YES;
				CLANG_WARN_ENUM_CONVERSION = YES;
				CLANG_WARN_INFINITE_RECURSION = YES;
				CLANG_WARN_INT_CONVERSION = YES;
				CLANG_WARN_OBJC_ROOT_CLASS = YES_ERROR;
				CLANG_WARN_SUSPICIOUS_MOVES = YES;
				CLANG_WARN_UNREACHABLE_CODE = YES;
				CLANG_WARN__DUPLICATE_METHOD_MATCH = YES;
				"CODE_SIGN_IDENTITY[sdk=iphoneos*]" = "iPhone Developer";
				COPY_PHASE_STRIP = NO;
				DEBUG_INFORMATION_FORMAT = "dwarf-with-dsym";
				ENABLE_NS_ASSERTIONS = NO;
				ENABLE_STRICT_OBJC_MSGSEND = YES;
				GCC_C_LANGUAGE_STANDARD = gnu99;
				GCC_NO_COMMON_BLOCKS = YES;
				GCC_WARN_64_TO_32_BIT_CONVERSION = YES;
				GCC_WARN_ABOUT_RETURN_TYPE = YES_ERROR;
				GCC_WARN_UNDECLARED_SELECTOR = YES;
				GCC_WARN_UNINITIALIZED_AUTOS = YES_AGGRESSIVE;
				GCC_WARN_UNUSED_FUNCTION = YES;
				GCC_WARN_UNUSED_VARIABLE = YES;
				IPHONEOS_DEPLOYMENT_TARGET = 10.1;
				MTL_ENABLE_DEBUG_INFO = NO;
				SDKROOT = iphoneos;
				VALIDATE_PRODUCT = YES;
			};
			name = Release;
		};
		6278B4BE1DCE1F4C00971DEC /* Debug */ = {
			isa = XCBuildConfiguration;
			buildSettings = {
				ASSETCATALOG_COMPILER_APPICON_NAME = AppIcon;
				INFOPLIST_FILE = Quiz2/Info.plist;
				LD_RUNPATH_SEARCH_PATHS = "$(inherited) @executable_path/Frameworks";
				PRODUCT_BUNDLE_IDENTIFIER = Clase2.Quiz2;
				PRODUCT_NAME = "$(TARGET_NAME)";
			};
			name = Debug;
		};
		6278B4BF1DCE1F4C00971DEC /* Release */ = {
			isa = XCBuildConfiguration;
			buildSettings = {
				ASSETCATALOG_COMPILER_APPICON_NAME = AppIcon;
				INFOPLIST_FILE = Quiz2/Info.plist;
				LD_RUNPATH_SEARCH_PATHS = "$(inherited) @executable_path/Frameworks";
				PRODUCT_BUNDLE_IDENTIFIER = Clase2.Quiz2;
				PRODUCT_NAME = "$(TARGET_NAME)";
			};
			name = Release;
		};
/* End XCBuildConfiguration section */

/* Begin XCConfigurationList section */
		6278B4A11DCE1F4C00971DEC /* Build configuration list for PBXProject "Quiz2" */ = {
			isa = XCConfigurationList;
			buildConfigurations = (
				6278B4BB1DCE1F4C00971DEC /* Debug */,
				6278B4BC1DCE1F4C00971DEC /* Release */,
			);
			defaultConfigurationIsVisible = 0;
			defaultConfigurationName = Release;
		};
		6278B4BD1DCE1F4C00971DEC /* Build configuration list for PBXNativeTarget "Quiz2" */ = {
			isa = XCConfigurationList;
			buildConfigurations = (
				6278B4BE1DCE1F4C00971DEC /* Debug */,
				6278B4BF1DCE1F4C00971DEC /* Release */,
			);
			defaultConfigurationIsVisible = 0;
		};
/* End XCConfigurationList section */
	};
	rootObject = 6278B49E1DCE1F4C00971DEC /* Project object */;
}
