// !$*UTF8*$!
{
	archiveVersion = 1;
	classes = {
	};
	objectVersion = 46;
	objects = {

/* Begin PBXBuildFile section */
		627312931DD75B03005253C9 /* main.m in Sources */ = {isa = PBXBuildFile; fileRef = 627312921DD75B03005253C9 /* main.m */; };
		627312961DD75B03005253C9 /* AppDelegate.m in Sources */ = {isa = PBXBuildFile; fileRef = 627312951DD75B03005253C9 /* AppDelegate.m */; };
		6273129C1DD75B03005253C9 /* Main.storyboard in Resources */ = {isa = PBXBuildFile; fileRef = 6273129A1DD75B03005253C9 /* Main.storyboard */; };
		6273129E1DD75B03005253C9 /* Assets.xcassets in Resources */ = {isa = PBXBuildFile; fileRef = 6273129D1DD75B03005253C9 /* Assets.xcassets */; };
		627312A11DD75B03005253C9 /* LaunchScreen.storyboard in Resources */ = {isa = PBXBuildFile; fileRef = 6273129F1DD75B03005253C9 /* LaunchScreen.storyboard */; };
		627312AA1DD75B84005253C9 /* NumerosTableViewController.m in Sources */ = {isa = PBXBuildFile; fileRef = 627312A91DD75B84005253C9 /* NumerosTableViewController.m */; };
/* End PBXBuildFile section */

/* Begin PBXFileReference section */
		6273128E1DD75B03005253C9 /* Quiz3.app */ = {isa = PBXFileReference; explicitFileType = wrapper.application; includeInIndex = 0; path = Quiz3.app; sourceTree = BUILT_PRODUCTS_DIR; };
		627312921DD75B03005253C9 /* main.m */ = {isa = PBXFileReference; lastKnownFileType = sourcecode.c.objc; path = main.m; sourceTree = "<group>"; };
		627312941DD75B03005253C9 /* AppDelegate.h */ = {isa = PBXFileReference; lastKnownFileType = sourcecode.c.h; path = AppDelegate.h; sourceTree = "<group>"; };
		627312951DD75B03005253C9 /* AppDelegate.m */ = {isa = PBXFileReference; lastKnownFileType = sourcecode.c.objc; path = AppDelegate.m; sourceTree = "<group>"; };
		6273129B1DD75B03005253C9 /* Base */ = {isa = PBXFileReference; lastKnownFileType = file.storyboard; name = Base; path = Base.lproj/Main.storyboard; sourceTree = "<group>"; };
		6273129D1DD75B03005253C9 /* Assets.xcassets */ = {isa = PBXFileReference; lastKnownFileType = folder.assetcatalog; path = Assets.xcassets; sourceTree = "<group>"; };
		627312A01DD75B03005253C9 /* Base */ = {isa = PBXFileReference; lastKnownFileType = file.storyboard; name = Base; path = Base.lproj/LaunchScreen.storyboard; sourceTree = "<group>"; };
		627312A21DD75B03005253C9 /* Info.plist */ = {isa = PBXFileReference; lastKnownFileType = text.plist.xml; path = Info.plist; sourceTree = "<group>"; };
		627312A81DD75B84005253C9 /* NumerosTableViewController.h */ = {isa = PBXFileReference; fileEncoding = 4; lastKnownFileType = sourcecode.c.h; path = NumerosTableViewController.h; sourceTree = "<group>"; };
		627312A91DD75B84005253C9 /* NumerosTableViewController.m */ = {isa = PBXFileReference; fileEncoding = 4; lastKnownFileType = sourcecode.c.objc; path = NumerosTableViewController.m; sourceTree = "<group>"; };
/* End PBXFileReference section */

/* Begin PBXFrameworksBuildPhase section */
		6273128B1DD75B02005253C9 /* Frameworks */ = {
			isa = PBXFrameworksBuildPhase;
			buildActionMask = 2147483647;
			files = (
			);
			runOnlyForDeploymentPostprocessing = 0;
		};
/* End PBXFrameworksBuildPhase section */

/* Begin PBXGroup section */
		627312851DD75B02005253C9 = {
			isa = PBXGroup;
			children = (
				627312901DD75B03005253C9 /* Quiz3 */,
				6273128F1DD75B03005253C9 /* Products */,
			);
			sourceTree = "<group>";
		};
		6273128F1DD75B03005253C9 /* Products */ = {
			isa = PBXGroup;
			children = (
				6273128E1DD75B03005253C9 /* Quiz3.app */,
			);
			name = Products;
			sourceTree = "<group>";
		};
		627312901DD75B03005253C9 /* Quiz3 */ = {
			isa = PBXGroup;
			children = (
				627312941DD75B03005253C9 /* AppDelegate.h */,
				627312951DD75B03005253C9 /* AppDelegate.m */,
				6273129A1DD75B03005253C9 /* Main.storyboard */,
				627312A81DD75B84005253C9 /* NumerosTableViewController.h */,
				627312A91DD75B84005253C9 /* NumerosTableViewController.m */,
				6273129D1DD75B03005253C9 /* Assets.xcassets */,
				6273129F1DD75B03005253C9 /* LaunchScreen.storyboard */,
				627312A21DD75B03005253C9 /* Info.plist */,
				627312911DD75B03005253C9 /* Supporting Files */,
			);
			path = Quiz3;
			sourceTree = "<group>";
		};
		627312911DD75B03005253C9 /* Supporting Files */ = {
			isa = PBXGroup;
			children = (
				627312921DD75B03005253C9 /* main.m */,
			);
			name = "Supporting Files";
			sourceTree = "<group>";
		};
/* End PBXGroup section */

/* Begin PBXNativeTarget section */
		6273128D1DD75B02005253C9 /* Quiz3 */ = {
			isa = PBXNativeTarget;
			buildConfigurationList = 627312A51DD75B03005253C9 /* Build configuration list for PBXNativeTarget "Quiz3" */;
			buildPhases = (
				6273128A1DD75B02005253C9 /* Sources */,
				6273128B1DD75B02005253C9 /* Frameworks */,
				6273128C1DD75B02005253C9 /* Resources */,
			);
			buildRules = (
			);
			dependencies = (
			);
			name = Quiz3;
			productName = Quiz3;
			productReference = 6273128E1DD75B03005253C9 /* Quiz3.app */;
			productType = "com.apple.product-type.application";
		};
/* End PBXNativeTarget section */

/* Begin PBXProject section */
		627312861DD75B02005253C9 /* Project object */ = {
			isa = PBXProject;
			attributes = {
				LastUpgradeCheck = 0810;
				ORGANIZATIONNAME = gv;
				TargetAttributes = {
					6273128D1DD75B02005253C9 = {
						CreatedOnToolsVersion = 8.1;
						ProvisioningStyle = Automatic;
					};
				};
			};
			buildConfigurationList = 627312891DD75B02005253C9 /* Build configuration list for PBXProject "Quiz3" */;
			compatibilityVersion = "Xcode 3.2";
			developmentRegion = English;
			hasScannedForEncodings = 0;
			knownRegions = (
				en,
				Base,
			);
			mainGroup = 627312851DD75B02005253C9;
			productRefGroup = 6273128F1DD75B03005253C9 /* Products */;
			projectDirPath = "";
			projectRoot = "";
			targets = (
				6273128D1DD75B02005253C9 /* Quiz3 */,
			);
		};
/* End PBXProject section */

/* Begin PBXResourcesBuildPhase section */
		6273128C1DD75B02005253C9 /* Resources */ = {
			isa = PBXResourcesBuildPhase;
			buildActionMask = 2147483647;
			files = (
				627312A11DD75B03005253C9 /* LaunchScreen.storyboard in Resources */,
				6273129E1DD75B03005253C9 /* Assets.xcassets in Resources */,
				6273129C1DD75B03005253C9 /* Main.storyboard in Resources */,
			);
			runOnlyForDeploymentPostprocessing = 0;
		};
/* End PBXResourcesBuildPhase section */

/* Begin PBXSourcesBuildPhase section */
		6273128A1DD75B02005253C9 /* Sources */ = {
			isa = PBXSourcesBuildPhase;
			buildActionMask = 2147483647;
			files = (
				627312AA1DD75B84005253C9 /* NumerosTableViewController.m in Sources */,
				627312961DD75B03005253C9 /* AppDelegate.m in Sources */,
				627312931DD75B03005253C9 /* main.m in Sources */,
			);
			runOnlyForDeploymentPostprocessing = 0;
		};
/* End PBXSourcesBuildPhase section */

/* Begin PBXVariantGroup section */
		6273129A1DD75B03005253C9 /* Main.storyboard */ = {
			isa = PBXVariantGroup;
			children = (
				6273129B1DD75B03005253C9 /* Base */,
			);
			name = Main.storyboard;
			sourceTree = "<group>";
		};
		6273129F1DD75B03005253C9 /* LaunchScreen.storyboard */ = {
			isa = PBXVariantGroup;
			children = (
				627312A01DD75B03005253C9 /* Base */,
			);
			name = LaunchScreen.storyboard;
			sourceTree = "<group>";
		};
/* End PBXVariantGroup section */

/* Begin XCBuildConfiguration section */
		627312A31DD75B03005253C9 /* Debug */ = {
			isa = XCBuildConfiguration;
			buildSettings = {
				ALWAYS_SEARCH_USER_PATHS = NO;
				CLANG_ANALYZER_NONNULL = YES;
				CLANG_CXX_LANGUAGE_STANDARD = "gnu++0x";
				CLANG_CXX_LIBRARY = "libc++";
				CLANG_ENABLE_MODULES = YES;
				CLANG_ENABLE_OBJC_ARC = YES;
				CLANG_WARN_BOOL_CONVERSION = YES;
				CLANG_WARN_CONSTANT_CONVERSION = YES;
				CLANG_WARN_DIRECT_OBJC_ISA_USAGE = YES_ERROR;
				CLANG_WARN_DOCUMENTATION_COMMENTS = YES;
				CLANG_WARN_EMPTY_BODY = YES;
				CLANG_WARN_ENUM_CONVERSION = YES;
				CLANG_WARN_INFINITE_RECURSION = YES;
				CLANG_WARN_INT_CONVERSION = YES;
				CLANG_WARN_OBJC_ROOT_CLASS = YES_ERROR;
				CLANG_WARN_SUSPICIOUS_MOVES = YES;
				CLANG_WARN_UNREACHABLE_CODE = YES;
				CLANG_WARN__DUPLICATE_METHOD_MATCH = YES;
				"CODE_SIGN_IDENTITY[sdk=iphoneos*]" = "iPhone Developer";
				COPY_PHASE_STRIP = NO;
				DEBUG_INFORMATION_FORMAT = dwarf;
				ENABLE_STRICT_OBJC_MSGSEND = YES;
				ENABLE_TESTABILITY = YES;
				GCC_C_LANGUAGE_STANDARD = gnu99;
				GCC_DYNAMIC_NO_PIC = NO;
				GCC_NO_COMMON_BLOCKS = YES;
				GCC_OPTIMIZATION_LEVEL = 0;
				GCC_PREPROCESSOR_DEFINITIONS = (
					"DEBUG=1",
					"$(inherited)",
				);
				GCC_WARN_64_TO_32_BIT_CONVERSION = YES;
				GCC_WARN_ABOUT_RETURN_TYPE = YES_ERROR;
				GCC_WARN_UNDECLARED_SELECTOR = YES;
				GCC_WARN_UNINITIALIZED_AUTOS = YES_AGGRESSIVE;
				GCC_WARN_UNUSED_FUNCTION = YES;
				GCC_WARN_UNUSED_VARIABLE = YES;
				IPHONEOS_DEPLOYMENT_TARGET = 10.1;
				MTL_ENABLE_DEBUG_INFO = YES;
				ONLY_ACTIVE_ARCH = YES;
				SDKROOT = iphoneos;
			};
			name = Debug;
		};
		627312A41DD75B03005253C9 /* Release */ = {
			isa = XCBuildConfiguration;
			buildSettings = {
				ALWAYS_SEARCH_USER_PATHS = NO;
				CLANG_ANALYZER_NONNULL = YES;
				CLANG_CXX_LANGUAGE_STANDARD = "gnu++0x";
				CLANG_CXX_LIBRARY = "libc++";
				CLANG_ENABLE_MODULES = YES;
				CLANG_ENABLE_OBJC_ARC = YES;
				CLANG_WARN_BOOL_CONVERSION = YES;
				CLANG_WARN_CONSTANT_CONVERSION = YES;
				CLANG_WARN_DIRECT_OBJC_ISA_USAGE = YES_ERROR;
				CLANG_WARN_DOCUMENTATION_COMMENTS = YES;
				CLANG_WARN_EMPTY_BODY = YES;
				CLANG_WARN_ENUM_CONVERSION = YES;
				CLANG_WARN_INFINITE_RECURSION = YES;
				CLANG_WARN_INT_CONVERSION = YES;
				CLANG_WARN_OBJC_ROOT_CLASS = YES_ERROR;
				CLANG_WARN_SUSPICIOUS_MOVES = YES;
				CLANG_WARN_UNREACHABLE_CODE = YES;
				CLANG_WARN__DUPLICATE_METHOD_MATCH = YES;
				"CODE_SIGN_IDENTITY[sdk=iphoneos*]" = "iPhone Developer";
				COPY_PHASE_STRIP = NO;
				DEBUG_INFORMATION_FORMAT = "dwarf-with-dsym";
				ENABLE_NS_ASSERTIONS = NO;
				ENABLE_STRICT_OBJC_MSGSEND = YES;
				GCC_C_LANGUAGE_STANDARD = gnu99;
				GCC_NO_COMMON_BLOCKS = YES;
				GCC_WARN_64_TO_32_BIT_CONVERSION = YES;
				GCC_WARN_ABOUT_RETURN_TYPE = YES_ERROR;
				GCC_WARN_UNDECLARED_SELECTOR = YES;
				GCC_WARN_UNINITIALIZED_AUTOS = YES_AGGRESSIVE;
				GCC_WARN_UNUSED_FUNCTION = YES;
				GCC_WARN_UNUSED_VARIABLE = YES;
				IPHONEOS_DEPLOYMENT_TARGET = 10.1;
				MTL_ENABLE_DEBUG_INFO = NO;
				SDKROOT = iphoneos;
				VALIDATE_PRODUCT = YES;
			};
			name = Release;
		};
		627312A61DD75B03005253C9 /* Debug */ = {
			isa = XCBuildConfiguration;
			buildSettings = {
				ASSETCATALOG_COMPILER_APPICON_NAME = AppIcon;
				INFOPLIST_FILE = Quiz3/Info.plist;
				LD_RUNPATH_SEARCH_PATHS = "$(inherited) @executable_path/Frameworks";
				PRODUCT_BUNDLE_IDENTIFIER = Clase2.Quiz3;
				PRODUCT_NAME = "$(TARGET_NAME)";
			};
			name = Debug;
		};
		627312A71DD75B03005253C9 /* Release */ = {
			isa = XCBuildConfiguration;
			buildSettings = {
				ASSETCATALOG_COMPILER_APPICON_NAME = AppIcon;
				INFOPLIST_FILE = Quiz3/Info.plist;
				LD_RUNPATH_SEARCH_PATHS = "$(inherited) @executable_path/Frameworks";
				PRODUCT_BUNDLE_IDENTIFIER = Clase2.Quiz3;
				PRODUCT_NAME = "$(TARGET_NAME)";
			};
			name = Release;
		};
/* End XCBuildConfiguration section */

/* Begin XCConfigurationList section */
		627312891DD75B02005253C9 /* Build configuration list for PBXProject "Quiz3" */ = {
			isa = XCConfigurationList;
			buildConfigurations = (
				627312A31DD75B03005253C9 /* Debug */,
				627312A41DD75B03005253C9 /* Release */,
			);
			defaultConfigurationIsVisible = 0;
			defaultConfigurationName = Release;
		};
		627312A51DD75B03005253C9 /* Build configuration list for PBXNativeTarget "Quiz3" */ = {
			isa = XCConfigurationList;
			buildConfigurations = (
				627312A61DD75B03005253C9 /* Debug */,
				627312A71DD75B03005253C9 /* Release */,
			);
			defaultConfigurationIsVisible = 0;
		};
/* End XCConfigurationList section */
	};
	rootObject = 627312861DD75B02005253C9 /* Project object */;
}
