// !$*UTF8*$!
{
	archiveVersion = 1;
	classes = {
	};
	objectVersion = 46;
	objects = {

/* Begin PBXBuildFile section */
		2EE356941DD3957D001A8DB9 /* main.m in Sources */ = {isa = PBXBuildFile; fileRef = 2EE356931DD3957D001A8DB9 /* main.m */; };
		2EE356971DD3957D001A8DB9 /* AppDelegate.m in Sources */ = {isa = PBXBuildFile; fileRef = 2EE356961DD3957D001A8DB9 /* AppDelegate.m */; };
		2EE3569D1DD3957D001A8DB9 /* Main.storyboard in Resources */ = {isa = PBXBuildFile; fileRef = 2EE3569B1DD3957D001A8DB9 /* Main.storyboard */; };
		2EE3569F1DD3957D001A8DB9 /* Assets.xcassets in Resources */ = {isa = PBXBuildFile; fileRef = 2EE3569E1DD3957D001A8DB9 /* Assets.xcassets */; };
		2EE356A21DD3957D001A8DB9 /* LaunchScreen.storyboard in Resources */ = {isa = PBXBuildFile; fileRef = 2EE356A01DD3957D001A8DB9 /* LaunchScreen.storyboard */; };
		2EE356AB1DD3962E001A8DB9 /* MultTableViewController.m in Sources */ = {isa = PBXBuildFile; fileRef = 2EE356AA1DD3962E001A8DB9 /* MultTableViewController.m */; };
/* End PBXBuildFile section */

/* Begin PBXFileReference section */
		2EE3568F1DD3957D001A8DB9 /* Tarea2.app */ = {isa = PBXFileReference; explicitFileType = wrapper.application; includeInIndex = 0; path = Tarea2.app; sourceTree = BUILT_PRODUCTS_DIR; };
		2EE356931DD3957D001A8DB9 /* main.m */ = {isa = PBXFileReference; lastKnownFileType = sourcecode.c.objc; path = main.m; sourceTree = "<group>"; };
		2EE356951DD3957D001A8DB9 /* AppDelegate.h */ = {isa = PBXFileReference; lastKnownFileType = sourcecode.c.h; path = AppDelegate.h; sourceTree = "<group>"; };
		2EE356961DD3957D001A8DB9 /* AppDelegate.m */ = {isa = PBXFileReference; lastKnownFileType = sourcecode.c.objc; path = AppDelegate.m; sourceTree = "<group>"; };
		2EE3569C1DD3957D001A8DB9 /* Base */ = {isa = PBXFileReference; lastKnownFileType = file.storyboard; name = Base; path = Base.lproj/Main.storyboard; sourceTree = "<group>"; };
		2EE3569E1DD3957D001A8DB9 /* Assets.xcassets */ = {isa = PBXFileReference; lastKnownFileType = folder.assetcatalog; path = Assets.xcassets; sourceTree = "<group>"; };
		2EE356A11DD3957D001A8DB9 /* Base */ = {isa = PBXFileReference; lastKnownFileType = file.storyboard; name = Base; path = Base.lproj/LaunchScreen.storyboard; sourceTree = "<group>"; };
		2EE356A31DD3957D001A8DB9 /* Info.plist */ = {isa = PBXFileReference; lastKnownFileType = text.plist.xml; path = Info.plist; sourceTree = "<group>"; };
		2EE356A91DD3962E001A8DB9 /* MultTableViewController.h */ = {isa = PBXFileReference; fileEncoding = 4; lastKnownFileType = sourcecode.c.h; path = MultTableViewController.h; sourceTree = "<group>"; };
		2EE356AA1DD3962E001A8DB9 /* MultTableViewController.m */ = {isa = PBXFileReference; fileEncoding = 4; lastKnownFileType = sourcecode.c.objc; path = MultTableViewController.m; sourceTree = "<group>"; };
/* End PBXFileReference section */

/* Begin PBXFrameworksBuildPhase section */
		2EE3568C1DD3957D001A8DB9 /* Frameworks */ = {
			isa = PBXFrameworksBuildPhase;
			buildActionMask = 2147483647;
			files = (
			);
			runOnlyForDeploymentPostprocessing = 0;
		};
/* End PBXFrameworksBuildPhase section */

/* Begin PBXGroup section */
		2EE356861DD3957D001A8DB9 = {
			isa = PBXGroup;
			children = (
				2EE356911DD3957D001A8DB9 /* Tarea2 */,
				2EE356901DD3957D001A8DB9 /* Products */,
			);
			sourceTree = "<group>";
		};
		2EE356901DD3957D001A8DB9 /* Products */ = {
			isa = PBXGroup;
			children = (
				2EE3568F1DD3957D001A8DB9 /* Tarea2.app */,
			);
			name = Products;
			sourceTree = "<group>";
		};
		2EE356911DD3957D001A8DB9 /* Tarea2 */ = {
			isa = PBXGroup;
			children = (
				2EE356951DD3957D001A8DB9 /* AppDelegate.h */,
				2EE356961DD3957D001A8DB9 /* AppDelegate.m */,
				2EE3569B1DD3957D001A8DB9 /* Main.storyboard */,
				2EE356A91DD3962E001A8DB9 /* MultTableViewController.h */,
				2EE356AA1DD3962E001A8DB9 /* MultTableViewController.m */,
				2EE3569E1DD3957D001A8DB9 /* Assets.xcassets */,
				2EE356A01DD3957D001A8DB9 /* LaunchScreen.storyboard */,
				2EE356A31DD3957D001A8DB9 /* Info.plist */,
				2EE356921DD3957D001A8DB9 /* Supporting Files */,
			);
			path = Tarea2;
			sourceTree = "<group>";
		};
		2EE356921DD3957D001A8DB9 /* Supporting Files */ = {
			isa = PBXGroup;
			children = (
				2EE356931DD3957D001A8DB9 /* main.m */,
			);
			name = "Supporting Files";
			sourceTree = "<group>";
		};
/* End PBXGroup section */

/* Begin PBXNativeTarget section */
		2EE3568E1DD3957D001A8DB9 /* Tarea2 */ = {
			isa = PBXNativeTarget;
			buildConfigurationList = 2EE356A61DD3957D001A8DB9 /* Build configuration list for PBXNativeTarget "Tarea2" */;
			buildPhases = (
				2EE3568B1DD3957D001A8DB9 /* Sources */,
				2EE3568C1DD3957D001A8DB9 /* Frameworks */,
				2EE3568D1DD3957D001A8DB9 /* Resources */,
			);
			buildRules = (
			);
			dependencies = (
			);
			name = Tarea2;
			productName = Tarea2;
			productReference = 2EE3568F1DD3957D001A8DB9 /* Tarea2.app */;
			productType = "com.apple.product-type.application";
		};
/* End PBXNativeTarget section */

/* Begin PBXProject section */
		2EE356871DD3957D001A8DB9 /* Project object */ = {
			isa = PBXProject;
			attributes = {
				LastUpgradeCheck = 0810;
				ORGANIZATIONNAME = "Sergio Sanchez";
				TargetAttributes = {
					2EE3568E1DD3957D001A8DB9 = {
						CreatedOnToolsVersion = 8.1;
						ProvisioningStyle = Automatic;
					};
				};
			};
			buildConfigurationList = 2EE3568A1DD3957D001A8DB9 /* Build configuration list for PBXProject "Tarea2" */;
			compatibilityVersion = "Xcode 3.2";
			developmentRegion = English;
			hasScannedForEncodings = 0;
			knownRegions = (
				en,
				Base,
			);
			mainGroup = 2EE356861DD3957D001A8DB9;
			productRefGroup = 2EE356901DD3957D001A8DB9 /* Products */;
			projectDirPath = "";
			projectRoot = "";
			targets = (
				2EE3568E1DD3957D001A8DB9 /* Tarea2 */,
			);
		};
/* End PBXProject section */

/* Begin PBXResourcesBuildPhase section */
		2EE3568D1DD3957D001A8DB9 /* Resources */ = {
			isa = PBXResourcesBuildPhase;
			buildActionMask = 2147483647;
			files = (
				2EE356A21DD3957D001A8DB9 /* LaunchScreen.storyboard in Resources */,
				2EE3569F1DD3957D001A8DB9 /* Assets.xcassets in Resources */,
				2EE3569D1DD3957D001A8DB9 /* Main.storyboard in Resources */,
			);
			runOnlyForDeploymentPostprocessing = 0;
		};
/* End PBXResourcesBuildPhase section */

/* Begin PBXSourcesBuildPhase section */
		2EE3568B1DD3957D001A8DB9 /* Sources */ = {
			isa = PBXSourcesBuildPhase;
			buildActionMask = 2147483647;
			files = (
				2EE356AB1DD3962E001A8DB9 /* MultTableViewController.m in Sources */,
				2EE356971DD3957D001A8DB9 /* AppDelegate.m in Sources */,
				2EE356941DD3957D001A8DB9 /* main.m in Sources */,
			);
			runOnlyForDeploymentPostprocessing = 0;
		};
/* End PBXSourcesBuildPhase section */

/* Begin PBXVariantGroup section */
		2EE3569B1DD3957D001A8DB9 /* Main.storyboard */ = {
			isa = PBXVariantGroup;
			children = (
				2EE3569C1DD3957D001A8DB9 /* Base */,
			);
			name = Main.storyboard;
			sourceTree = "<group>";
		};
		2EE356A01DD3957D001A8DB9 /* LaunchScreen.storyboard */ = {
			isa = PBXVariantGroup;
			children = (
				2EE356A11DD3957D001A8DB9 /* Base */,
			);
			name = LaunchScreen.storyboard;
			sourceTree = "<group>";
		};
/* End PBXVariantGroup section */

/* Begin XCBuildConfiguration section */
		2EE356A41DD3957D001A8DB9 /* Debug */ = {
			isa = XCBuildConfiguration;
			buildSettings = {
				ALWAYS_SEARCH_USER_PATHS = NO;
				CLANG_ANALYZER_NONNULL = YES;
				CLANG_CXX_LANGUAGE_STANDARD = "gnu++0x";
				CLANG_CXX_LIBRARY = "libc++";
				CLANG_ENABLE_MODULES = YES;
				CLANG_ENABLE_OBJC_ARC = YES;
				CLANG_WARN_BOOL_CONVERSION = YES;
				CLANG_WARN_CONSTANT_CONVERSION = YES;
				CLANG_WARN_DIRECT_OBJC_ISA_USAGE = YES_ERROR;
				CLANG_WARN_DOCUMENTATION_COMMENTS = YES;
				CLANG_WARN_EMPTY_BODY = YES;
				CLANG_WARN_ENUM_CONVERSION = YES;
				CLANG_WARN_INFINITE_RECURSION = YES;
				CLANG_WARN_INT_CONVERSION = YES;
				CLANG_WARN_OBJC_ROOT_CLASS = YES_ERROR;
				CLANG_WARN_SUSPICIOUS_MOVES = YES;
				CLANG_WARN_UNREACHABLE_CODE = YES;
				CLANG_WARN__DUPLICATE_METHOD_MATCH = YES;
				"CODE_SIGN_IDENTITY[sdk=iphoneos*]" = "iPhone Developer";
				COPY_PHASE_STRIP = NO;
				DEBUG_INFORMATION_FORMAT = dwarf;
				ENABLE_STRICT_OBJC_MSGSEND = YES;
				ENABLE_TESTABILITY = YES;
				GCC_C_LANGUAGE_STANDARD = gnu99;
				GCC_DYNAMIC_NO_PIC = NO;
				GCC_NO_COMMON_BLOCKS = YES;
				GCC_OPTIMIZATION_LEVEL = 0;
				GCC_PREPROCESSOR_DEFINITIONS = (
					"DEBUG=1",
					"$(inherited)",
				);
				GCC_WARN_64_TO_32_BIT_CONVERSION = YES;
				GCC_WARN_ABOUT_RETURN_TYPE = YES_ERROR;
				GCC_WARN_UNDECLARED_SELECTOR = YES;
				GCC_WARN_UNINITIALIZED_AUTOS = YES_AGGRESSIVE;
				GCC_WARN_UNUSED_FUNCTION = YES;
				GCC_WARN_UNUSED_VARIABLE = YES;
				IPHONEOS_DEPLOYMENT_TARGET = 10.1;
				MTL_ENABLE_DEBUG_INFO = YES;
				ONLY_ACTIVE_ARCH = YES;
				SDKROOT = iphoneos;
			};
			name = Debug;
		};
		2EE356A51DD3957D001A8DB9 /* Release */ = {
			isa = XCBuildConfiguration;
			buildSettings = {
				ALWAYS_SEARCH_USER_PATHS = NO;
				CLANG_ANALYZER_NONNULL = YES;
				CLANG_CXX_LANGUAGE_STANDARD = "gnu++0x";
				CLANG_CXX_LIBRARY = "libc++";
				CLANG_ENABLE_MODULES = YES;
				CLANG_ENABLE_OBJC_ARC = YES;
				CLANG_WARN_BOOL_CONVERSION = YES;
				CLANG_WARN_CONSTANT_CONVERSION = YES;
				CLANG_WARN_DIRECT_OBJC_ISA_USAGE = YES_ERROR;
				CLANG_WARN_DOCUMENTATION_COMMENTS = YES;
				CLANG_WARN_EMPTY_BODY = YES;
				CLANG_WARN_ENUM_CONVERSION = YES;
				CLANG_WARN_INFINITE_RECURSION = YES;
				CLANG_WARN_INT_CONVERSION = YES;
				CLANG_WARN_OBJC_ROOT_CLASS = YES_ERROR;
				CLANG_WARN_SUSPICIOUS_MOVES = YES;
				CLANG_WARN_UNREACHABLE_CODE = YES;
				CLANG_WARN__DUPLICATE_METHOD_MATCH = YES;
				"CODE_SIGN_IDENTITY[sdk=iphoneos*]" = "iPhone Developer";
				COPY_PHASE_STRIP = NO;
				DEBUG_INFORMATION_FORMAT = "dwarf-with-dsym";
				ENABLE_NS_ASSERTIONS = NO;
				ENABLE_STRICT_OBJC_MSGSEND = YES;
				GCC_C_LANGUAGE_STANDARD = gnu99;
				GCC_NO_COMMON_BLOCKS = YES;
				GCC_WARN_64_TO_32_BIT_CONVERSION = YES;
				GCC_WARN_ABOUT_RETURN_TYPE = YES_ERROR;
				GCC_WARN_UNDECLARED_SELECTOR = YES;
				GCC_WARN_UNINITIALIZED_AUTOS = YES_AGGRESSIVE;
				GCC_WARN_UNUSED_FUNCTION = YES;
				GCC_WARN_UNUSED_VARIABLE = YES;
				IPHONEOS_DEPLOYMENT_TARGET = 10.1;
				MTL_ENABLE_DEBUG_INFO = NO;
				SDKROOT = iphoneos;
				VALIDATE_PRODUCT = YES;
			};
			name = Release;
		};
		2EE356A71DD3957D001A8DB9 /* Debug */ = {
			isa = XCBuildConfiguration;
			buildSettings = {
				ASSETCATALOG_COMPILER_APPICON_NAME = AppIcon;
				INFOPLIST_FILE = Tarea2/Info.plist;
				LD_RUNPATH_SEARCH_PATHS = "$(inherited) @executable_path/Frameworks";
				PRODUCT_BUNDLE_IDENTIFIER = Cenfotec.Tarea2;
				PRODUCT_NAME = "$(TARGET_NAME)";
			};
			name = Debug;
		};
		2EE356A81DD3957D001A8DB9 /* Release */ = {
			isa = XCBuildConfiguration;
			buildSettings = {
				ASSETCATALOG_COMPILER_APPICON_NAME = AppIcon;
				INFOPLIST_FILE = Tarea2/Info.plist;
				LD_RUNPATH_SEARCH_PATHS = "$(inherited) @executable_path/Frameworks";
				PRODUCT_BUNDLE_IDENTIFIER = Cenfotec.Tarea2;
				PRODUCT_NAME = "$(TARGET_NAME)";
			};
			name = Release;
		};
/* End XCBuildConfiguration section */

/* Begin XCConfigurationList section */
		2EE3568A1DD3957D001A8DB9 /* Build configuration list for PBXProject "Tarea2" */ = {
			isa = XCConfigurationList;
			buildConfigurations = (
				2EE356A41DD3957D001A8DB9 /* Debug */,
				2EE356A51DD3957D001A8DB9 /* Release */,
			);
			defaultConfigurationIsVisible = 0;
			defaultConfigurationName = Release;
		};
		2EE356A61DD3957D001A8DB9 /* Build configuration list for PBXNativeTarget "Tarea2" */ = {
			isa = XCConfigurationList;
			buildConfigurations = (
				2EE356A71DD3957D001A8DB9 /* Debug */,
				2EE356A81DD3957D001A8DB9 /* Release */,
			);
			defaultConfigurationIsVisible = 0;
		};
/* End XCConfigurationList section */
	};
	rootObject = 2EE356871DD3957D001A8DB9 /* Project object */;
}
