// !$*UTF8*$!
{
	archiveVersion = 1;
	classes = {
	};
	objectVersion = 46;
	objects = {

/* Begin PBXBuildFile section */
		62034CFE1DCE41E900C83C3B /* main.m in Sources */ = {isa = PBXBuildFile; fileRef = 62034CFD1DCE41E900C83C3B /* main.m */; };
		62034D011DCE41E900C83C3B /* AppDelegate.m in Sources */ = {isa = PBXBuildFile; fileRef = 62034D001DCE41E900C83C3B /* AppDelegate.m */; };
		62034D071DCE41E900C83C3B /* Main.storyboard in Resources */ = {isa = PBXBuildFile; fileRef = 62034D051DCE41E900C83C3B /* Main.storyboard */; };
		62034D091DCE41E900C83C3B /* Assets.xcassets in Resources */ = {isa = PBXBuildFile; fileRef = 62034D081DCE41E900C83C3B /* Assets.xcassets */; };
		62034D0C1DCE41E900C83C3B /* LaunchScreen.storyboard in Resources */ = {isa = PBXBuildFile; fileRef = 62034D0A1DCE41E900C83C3B /* LaunchScreen.storyboard */; };
		62034D181DCE42C600C83C3B /* CustomTableViewController.m in Sources */ = {isa = PBXBuildFile; fileRef = 62034D171DCE42C600C83C3B /* CustomTableViewController.m */; };
		62034D1B1DCE52DA00C83C3B /* Dog.m in Sources */ = {isa = PBXBuildFile; fileRef = 62034D1A1DCE52DA00C83C3B /* Dog.m */; };
		62034D1F1DCE5D6C00C83C3B /* CustomTableViewCell.m in Sources */ = {isa = PBXBuildFile; fileRef = 62034D1D1DCE5D6C00C83C3B /* CustomTableViewCell.m */; };
		62034D201DCE5D6C00C83C3B /* CustomTableViewCell.xib in Resources */ = {isa = PBXBuildFile; fileRef = 62034D1E1DCE5D6C00C83C3B /* CustomTableViewCell.xib */; };
/* End PBXBuildFile section */

/* Begin PBXFileReference section */
		62034CF91DCE41E900C83C3B /* CustomTableViewExample.app */ = {isa = PBXFileReference; explicitFileType = wrapper.application; includeInIndex = 0; path = CustomTableViewExample.app; sourceTree = BUILT_PRODUCTS_DIR; };
		62034CFD1DCE41E900C83C3B /* main.m */ = {isa = PBXFileReference; lastKnownFileType = sourcecode.c.objc; path = main.m; sourceTree = "<group>"; };
		62034CFF1DCE41E900C83C3B /* AppDelegate.h */ = {isa = PBXFileReference; lastKnownFileType = sourcecode.c.h; path = AppDelegate.h; sourceTree = "<group>"; };
		62034D001DCE41E900C83C3B /* AppDelegate.m */ = {isa = PBXFileReference; lastKnownFileType = sourcecode.c.objc; path = AppDelegate.m; sourceTree = "<group>"; };
		62034D061DCE41E900C83C3B /* Base */ = {isa = PBXFileReference; lastKnownFileType = file.storyboard; name = Base; path = Base.lproj/Main.storyboard; sourceTree = "<group>"; };
		62034D081DCE41E900C83C3B /* Assets.xcassets */ = {isa = PBXFileReference; lastKnownFileType = folder.assetcatalog; path = Assets.xcassets; sourceTree = "<group>"; };
		62034D0B1DCE41E900C83C3B /* Base */ = {isa = PBXFileReference; lastKnownFileType = file.storyboard; name = Base; path = Base.lproj/LaunchScreen.storyboard; sourceTree = "<group>"; };
		62034D0D1DCE41EA00C83C3B /* Info.plist */ = {isa = PBXFileReference; lastKnownFileType = text.plist.xml; path = Info.plist; sourceTree = "<group>"; };
		62034D161DCE42C600C83C3B /* CustomTableViewController.h */ = {isa = PBXFileReference; fileEncoding = 4; lastKnownFileType = sourcecode.c.h; name = CustomTableViewController.h; path = ../CustomTableViewController.h; sourceTree = "<group>"; };
		62034D171DCE42C600C83C3B /* CustomTableViewController.m */ = {isa = PBXFileReference; fileEncoding = 4; lastKnownFileType = sourcecode.c.objc; name = CustomTableViewController.m; path = ../CustomTableViewController.m; sourceTree = "<group>"; };
		62034D191DCE52DA00C83C3B /* Dog.h */ = {isa = PBXFileReference; fileEncoding = 4; lastKnownFileType = sourcecode.c.h; path = Dog.h; sourceTree = "<group>"; };
		62034D1A1DCE52DA00C83C3B /* Dog.m */ = {isa = PBXFileReference; fileEncoding = 4; lastKnownFileType = sourcecode.c.objc; path = Dog.m; sourceTree = "<group>"; };
		62034D1C1DCE5D6C00C83C3B /* CustomTableViewCell.h */ = {isa = PBXFileReference; fileEncoding = 4; lastKnownFileType = sourcecode.c.h; path = CustomTableViewCell.h; sourceTree = "<group>"; };
		62034D1D1DCE5D6C00C83C3B /* CustomTableViewCell.m */ = {isa = PBXFileReference; fileEncoding = 4; lastKnownFileType = sourcecode.c.objc; path = CustomTableViewCell.m; sourceTree = "<group>"; };
		62034D1E1DCE5D6C00C83C3B /* CustomTableViewCell.xib */ = {isa = PBXFileReference; fileEncoding = 4; lastKnownFileType = file.xib; path = CustomTableViewCell.xib; sourceTree = "<group>"; };
/* End PBXFileReference section */

/* Begin PBXFrameworksBuildPhase section */
		62034CF61DCE41E900C83C3B /* Frameworks */ = {
			isa = PBXFrameworksBuildPhase;
			buildActionMask = 2147483647;
			files = (
			);
			runOnlyForDeploymentPostprocessing = 0;
		};
/* End PBXFrameworksBuildPhase section */

/* Begin PBXGroup section */
		62034CF01DCE41E900C83C3B = {
			isa = PBXGroup;
			children = (
				62034CFB1DCE41E900C83C3B /* CustomTableViewExample */,
				62034CFA1DCE41E900C83C3B /* Products */,
			);
			sourceTree = "<group>";
		};
		62034CFA1DCE41E900C83C3B /* Products */ = {
			isa = PBXGroup;
			children = (
				62034CF91DCE41E900C83C3B /* CustomTableViewExample.app */,
			);
			name = Products;
			sourceTree = "<group>";
		};
		62034CFB1DCE41E900C83C3B /* CustomTableViewExample */ = {
			isa = PBXGroup;
			children = (
				62034CFF1DCE41E900C83C3B /* AppDelegate.h */,
				62034D161DCE42C600C83C3B /* CustomTableViewController.h */,
				62034D171DCE42C600C83C3B /* CustomTableViewController.m */,
				62034D1C1DCE5D6C00C83C3B /* CustomTableViewCell.h */,
				62034D1D1DCE5D6C00C83C3B /* CustomTableViewCell.m */,
				62034D1E1DCE5D6C00C83C3B /* CustomTableViewCell.xib */,
				62034D191DCE52DA00C83C3B /* Dog.h */,
				62034D1A1DCE52DA00C83C3B /* Dog.m */,
				62034D001DCE41E900C83C3B /* AppDelegate.m */,
				62034D051DCE41E900C83C3B /* Main.storyboard */,
				62034D081DCE41E900C83C3B /* Assets.xcassets */,
				62034D0A1DCE41E900C83C3B /* LaunchScreen.storyboard */,
				62034D0D1DCE41EA00C83C3B /* Info.plist */,
				62034CFC1DCE41E900C83C3B /* Supporting Files */,
			);
			path = CustomTableViewExample;
			sourceTree = "<group>";
		};
		62034CFC1DCE41E900C83C3B /* Supporting Files */ = {
			isa = PBXGroup;
			children = (
				62034CFD1DCE41E900C83C3B /* main.m */,
			);
			name = "Supporting Files";
			sourceTree = "<group>";
		};
/* End PBXGroup section */

/* Begin PBXNativeTarget section */
		62034CF81DCE41E900C83C3B /* CustomTableViewExample */ = {
			isa = PBXNativeTarget;
			buildConfigurationList = 62034D101DCE41EA00C83C3B /* Build configuration list for PBXNativeTarget "CustomTableViewExample" */;
			buildPhases = (
				62034CF51DCE41E900C83C3B /* Sources */,
				62034CF61DCE41E900C83C3B /* Frameworks */,
				62034CF71DCE41E900C83C3B /* Resources */,
			);
			buildRules = (
			);
			dependencies = (
			);
			name = CustomTableViewExample;
			productName = CustomTableViewExample;
			productReference = 62034CF91DCE41E900C83C3B /* CustomTableViewExample.app */;
			productType = "com.apple.product-type.application";
		};
/* End PBXNativeTarget section */

/* Begin PBXProject section */
		62034CF11DCE41E900C83C3B /* Project object */ = {
			isa = PBXProject;
			attributes = {
				LastUpgradeCheck = 0810;
				ORGANIZATIONNAME = gv;
				TargetAttributes = {
					62034CF81DCE41E900C83C3B = {
						CreatedOnToolsVersion = 8.1;
						ProvisioningStyle = Manual;
					};
				};
			};
			buildConfigurationList = 62034CF41DCE41E900C83C3B /* Build configuration list for PBXProject "CustomTableViewExample" */;
			compatibilityVersion = "Xcode 3.2";
			developmentRegion = English;
			hasScannedForEncodings = 0;
			knownRegions = (
				en,
				Base,
			);
			mainGroup = 62034CF01DCE41E900C83C3B;
			productRefGroup = 62034CFA1DCE41E900C83C3B /* Products */;
			projectDirPath = "";
			projectRoot = "";
			targets = (
				62034CF81DCE41E900C83C3B /* CustomTableViewExample */,
			);
		};
/* End PBXProject section */

/* Begin PBXResourcesBuildPhase section */
		62034CF71DCE41E900C83C3B /* Resources */ = {
			isa = PBXResourcesBuildPhase;
			buildActionMask = 2147483647;
			files = (
				62034D0C1DCE41E900C83C3B /* LaunchScreen.storyboard in Resources */,
				62034D091DCE41E900C83C3B /* Assets.xcassets in Resources */,
				62034D201DCE5D6C00C83C3B /* CustomTableViewCell.xib in Resources */,
				62034D071DCE41E900C83C3B /* Main.storyboard in Resources */,
			);
			runOnlyForDeploymentPostprocessing = 0;
		};
/* End PBXResourcesBuildPhase section */

/* Begin PBXSourcesBuildPhase section */
		62034CF51DCE41E900C83C3B /* Sources */ = {
			isa = PBXSourcesBuildPhase;
			buildActionMask = 2147483647;
			files = (
				62034D011DCE41E900C83C3B /* AppDelegate.m in Sources */,
				62034D181DCE42C600C83C3B /* CustomTableViewController.m in Sources */,
				62034D1B1DCE52DA00C83C3B /* Dog.m in Sources */,
				62034D1F1DCE5D6C00C83C3B /* CustomTableViewCell.m in Sources */,
				62034CFE1DCE41E900C83C3B /* main.m in Sources */,
			);
			runOnlyForDeploymentPostprocessing = 0;
		};
/* End PBXSourcesBuildPhase section */

/* Begin PBXVariantGroup section */
		62034D051DCE41E900C83C3B /* Main.storyboard */ = {
			isa = PBXVariantGroup;
			children = (
				62034D061DCE41E900C83C3B /* Base */,
			);
			name = Main.storyboard;
			sourceTree = "<group>";
		};
		62034D0A1DCE41E900C83C3B /* LaunchScreen.storyboard */ = {
			isa = PBXVariantGroup;
			children = (
				62034D0B1DCE41E900C83C3B /* Base */,
			);
			name = LaunchScreen.storyboard;
			sourceTree = "<group>";
		};
/* End PBXVariantGroup section */

/* Begin XCBuildConfiguration section */
		62034D0E1DCE41EA00C83C3B /* Debug */ = {
			isa = XCBuildConfiguration;
			buildSettings = {
				ALWAYS_SEARCH_USER_PATHS = NO;
				CLANG_ANALYZER_NONNULL = YES;
				CLANG_CXX_LANGUAGE_STANDARD = "gnu++0x";
				CLANG_CXX_LIBRARY = "libc++";
				CLANG_ENABLE_MODULES = YES;
				CLANG_ENABLE_OBJC_ARC = YES;
				CLANG_WARN_BOOL_CONVERSION = YES;
				CLANG_WARN_CONSTANT_CONVERSION = YES;
				CLANG_WARN_DIRECT_OBJC_ISA_USAGE = YES_ERROR;
				CLANG_WARN_DOCUMENTATION_COMMENTS = YES;
				CLANG_WARN_EMPTY_BODY = YES;
				CLANG_WARN_ENUM_CONVERSION = YES;
				CLANG_WARN_INFINITE_RECURSION = YES;
				CLANG_WARN_INT_CONVERSION = YES;
				CLANG_WARN_OBJC_ROOT_CLASS = YES_ERROR;
				CLANG_WARN_SUSPICIOUS_MOVES = YES;
				CLANG_WARN_UNREACHABLE_CODE = YES;
				CLANG_WARN__DUPLICATE_METHOD_MATCH = YES;
				"CODE_SIGN_IDENTITY[sdk=iphoneos*]" = "iPhone Developer";
				COPY_PHASE_STRIP = NO;
				DEBUG_INFORMATION_FORMAT = dwarf;
				ENABLE_STRICT_OBJC_MSGSEND = YES;
				ENABLE_TESTABILITY = YES;
				GCC_C_LANGUAGE_STANDARD = gnu99;
				GCC_DYNAMIC_NO_PIC = NO;
				GCC_NO_COMMON_BLOCKS = YES;
				GCC_OPTIMIZATION_LEVEL = 0;
				GCC_PREPROCESSOR_DEFINITIONS = (
					"DEBUG=1",
					"$(inherited)",
				);
				GCC_WARN_64_TO_32_BIT_CONVERSION = YES;
				GCC_WARN_ABOUT_RETURN_TYPE = YES_ERROR;
				GCC_WARN_UNDECLARED_SELECTOR = YES;
				GCC_WARN_UNINITIALIZED_AUTOS = YES_AGGRESSIVE;
				GCC_WARN_UNUSED_FUNCTION = YES;
				GCC_WARN_UNUSED_VARIABLE = YES;
				IPHONEOS_DEPLOYMENT_TARGET = 10.1;
				MTL_ENABLE_DEBUG_INFO = YES;
				ONLY_ACTIVE_ARCH = YES;
				SDKROOT = iphoneos;
			};
			name = Debug;
		};
		62034D0F1DCE41EA00C83C3B /* Release */ = {
			isa = XCBuildConfiguration;
			buildSettings = {
				ALWAYS_SEARCH_USER_PATHS = NO;
				CLANG_ANALYZER_NONNULL = YES;
				CLANG_CXX_LANGUAGE_STANDARD = "gnu++0x";
				CLANG_CXX_LIBRARY = "libc++";
				CLANG_ENABLE_MODULES = YES;
				CLANG_ENABLE_OBJC_ARC = YES;
				CLANG_WARN_BOOL_CONVERSION = YES;
				CLANG_WARN_CONSTANT_CONVERSION = YES;
				CLANG_WARN_DIRECT_OBJC_ISA_USAGE = YES_ERROR;
				CLANG_WARN_DOCUMENTATION_COMMENTS = YES;
				CLANG_WARN_EMPTY_BODY = YES;
				CLANG_WARN_ENUM_CONVERSION = YES;
				CLANG_WARN_INFINITE_RECURSION = YES;
				CLANG_WARN_INT_CONVERSION = YES;
				CLANG_WARN_OBJC_ROOT_CLASS = YES_ERROR;
				CLANG_WARN_SUSPICIOUS_MOVES = YES;
				CLANG_WARN_UNREACHABLE_CODE = YES;
				CLANG_WARN__DUPLICATE_METHOD_MATCH = YES;
				"CODE_SIGN_IDENTITY[sdk=iphoneos*]" = "iPhone Developer";
				COPY_PHASE_STRIP = NO;
				DEBUG_INFORMATION_FORMAT = "dwarf-with-dsym";
				ENABLE_NS_ASSERTIONS = NO;
				ENABLE_STRICT_OBJC_MSGSEND = YES;
				GCC_C_LANGUAGE_STANDARD = gnu99;
				GCC_NO_COMMON_BLOCKS = YES;
				GCC_WARN_64_TO_32_BIT_CONVERSION = YES;
				GCC_WARN_ABOUT_RETURN_TYPE = YES_ERROR;
				GCC_WARN_UNDECLARED_SELECTOR = YES;
				GCC_WARN_UNINITIALIZED_AUTOS = YES_AGGRESSIVE;
				GCC_WARN_UNUSED_FUNCTION = YES;
				GCC_WARN_UNUSED_VARIABLE = YES;
				IPHONEOS_DEPLOYMENT_TARGET = 10.1;
				MTL_ENABLE_DEBUG_INFO = NO;
				SDKROOT = iphoneos;
				VALIDATE_PRODUCT = YES;
			};
			name = Release;
		};
		62034D111DCE41EA00C83C3B /* Debug */ = {
			isa = XCBuildConfiguration;
			buildSettings = {
				ASSETCATALOG_COMPILER_APPICON_NAME = AppIcon;
				DEVELOPMENT_TEAM = "";
				INFOPLIST_FILE = CustomTableViewExample/Info.plist;
				LD_RUNPATH_SEARCH_PATHS = "$(inherited) @executable_path/Frameworks";
				PRODUCT_BUNDLE_IDENTIFIER = Clase2.CustomTableViewExample;
				PRODUCT_NAME = "$(TARGET_NAME)";
			};
			name = Debug;
		};
		62034D121DCE41EA00C83C3B /* Release */ = {
			isa = XCBuildConfiguration;
			buildSettings = {
				ASSETCATALOG_COMPILER_APPICON_NAME = AppIcon;
				DEVELOPMENT_TEAM = "";
				INFOPLIST_FILE = CustomTableViewExample/Info.plist;
				LD_RUNPATH_SEARCH_PATHS = "$(inherited) @executable_path/Frameworks";
				PRODUCT_BUNDLE_IDENTIFIER = Clase2.CustomTableViewExample;
				PRODUCT_NAME = "$(TARGET_NAME)";
			};
			name = Release;
		};
/* End XCBuildConfiguration section */

/* Begin XCConfigurationList section */
		62034CF41DCE41E900C83C3B /* Build configuration list for PBXProject "CustomTableViewExample" */ = {
			isa = XCConfigurationList;
			buildConfigurations = (
				62034D0E1DCE41EA00C83C3B /* Debug */,
				62034D0F1DCE41EA00C83C3B /* Release */,
			);
			defaultConfigurationIsVisible = 0;
			defaultConfigurationName = Release;
		};
		62034D101DCE41EA00C83C3B /* Build configuration list for PBXNativeTarget "CustomTableViewExample" */ = {
			isa = XCConfigurationList;
			buildConfigurations = (
				62034D111DCE41EA00C83C3B /* Debug */,
				62034D121DCE41EA00C83C3B /* Release */,
			);
			defaultConfigurationIsVisible = 0;
		};
/* End XCConfigurationList section */
	};
	rootObject = 62034CF11DCE41E900C83C3B /* Project object */;
}
